
Microsoft Visual Studio Solution File, Format Version 12.00
# Visual Studio Version 17
VisualStudioVersion = 17.0.31903.59
MinimumVisualStudioVersion = 10.0.40219.1
Project("{FAE04EC0-301F-11D3-BF4B-00C04F79EFBC}") = "Qubic.Net.Wallet", "Qubic.Net.Wallet.csproj", "{465E6CED-3F23-46E3-9E07-3887B14CCA10}"
EndProject
Project("{2150E333-8FDC-42A3-9474-1A3956D46DE8}") = "deps", "deps", "{572B9C59-4DCD-4928-B39B-5DF84C7B800B}"
EndProject
Project("{2150E333-8FDC-42A3-9474-1A3956D46DE8}") = "Qubic.Net", "Qubic.Net", "{0FDA88FB-9CAD-4075-986F-EDC66F607228}"
EndProject
Project("{2150E333-8FDC-42A3-9474-1A3956D46DE8}") = "src", "src", "{A3F04CDB-7E62-4804-9B67-9B506F3B19B7}"
EndProject
Project("{FAE04EC0-301F-11D3-BF4B-00C04F79EFBC}") = "Qubic.Services", "deps\Qubic.Net\src\Qubic.Services\Qubic.Services.csproj", "{6AA6DD20-D2B2-4FF3-8998-69E29A194327}"
EndProject
Project("{FAE04EC0-301F-11D3-BF4B-00C04F79EFBC}") = "Qubic.Core", "deps\Qubic.Net\src\Qubic.Core\Qubic.Core.csproj", "{C7E32E50-E068-427A-A243-5A503AC16EBE}"
EndProject
Project("{FAE04EC0-301F-11D3-BF4B-00C04F79EFBC}") = "Qubic.Crypto", "deps\Qubic.Net\src\Qubic.Crypto\Qubic.Crypto.csproj", "{6A9E66ED-BB3D-4B55-A3D2-FA5178880D04}"
EndProject
Project("{FAE04EC0-301F-11D3-BF4B-00C04F79EFBC}") = "Qubic.Serialization", "deps\Qubic.Net\src\Qubic.Serialization\Qubic.Serialization.csproj", "{9A742482-57B6-4EE8-990F-4B0EAA1E143A}"
EndProject
Project("{FAE04EC0-301F-11D3-BF4B-00C04F79EFBC}") = "Qubic.Network", "deps\Qubic.Net\src\Qubic.Network\Qubic.Network.csproj", "{C34800BA-F585-4C4C-9E66-118208D9C18D}"
EndProject
Project("{FAE04EC0-301F-11D3-BF4B-00C04F79EFBC}") = "Qubic.Rpc", "deps\Qubic.Net\src\Qubic.Rpc\Qubic.Rpc.csproj", "{6BB65BA9-EE3E-46A5-9AAF-3F580AADEE49}"
EndProject
Project("{FAE04EC0-301F-11D3-BF4B-00C04F79EFBC}") = "Qubic.Bob", "deps\Qubic.Net\src\Qubic.Bob\Qubic.Bob.csproj", "{58625299-57AD-4160-A218-ED996A035F3F}"
EndProject
Global
	GlobalSection(SolutionConfigurationPlatforms) = preSolution
		Debug|Any CPU = Debug|Any CPU
		Release|Any CPU = Release|Any CPU
	EndGlobalSection
	GlobalSection(SolutionProperties) = preSolution
		HideSolutionNode = FALSE
	EndGlobalSection
	GlobalSection(ProjectConfigurationPlatforms) = postSolution
		{465E6CED-3F23-46E3-9E07-3887B14CCA10}.Debug|Any CPU.ActiveCfg = Debug|Any CPU
		{465E6CED-3F23-46E3-9E07-3887B14CCA10}.Debug|Any CPU.Build.0 = Debug|Any CPU
		{465E6CED-3F23-46E3-9E07-3887B14CCA10}.Release|Any CPU.ActiveCfg = Release|Any CPU
		{465E6CED-3F23-46E3-9E07-3887B14CCA10}.Release|Any CPU.Build.0 = Release|Any CPU
		{6AA6DD20-D2B2-4FF3-8998-69E29A194327}.Debug|Any CPU.ActiveCfg = Debug|Any CPU
		{6AA6DD20-D2B2-4FF3-8998-69E29A194327}.Debug|Any CPU.Build.0 = Debug|Any CPU
		{6AA6DD20-D2B2-4FF3-8998-69E29A194327}.Release|Any CPU.ActiveCfg = Release|Any CPU
		{6AA6DD20-D2B2-4FF3-8998-69E29A194327}.Release|Any CPU.Build.0 = Release|Any CPU
		{C7E32E50-E068-427A-A243-5A503AC16EBE}.Debug|Any CPU.ActiveCfg = Debug|Any CPU
		{C7E32E50-E068-427A-A243-5A503AC16EBE}.Debug|Any CPU.Build.0 = Debug|Any CPU
		{C7E32E50-E068-427A-A243-5A503AC16EBE}.Release|Any CPU.ActiveCfg = Release|Any CPU
		{C7E32E50-E068-427A-A243-5A503AC16EBE}.Release|Any CPU.Build.0 = Release|Any CPU
		{6A9E66ED-BB3D-4B55-A3D2-FA5178880D04}.Debug|Any CPU.ActiveCfg = Debug|Any CPU
		{6A9E66ED-BB3D-4B55-A3D2-FA5178880D04}.Debug|Any CPU.Build.0 = Debug|Any CPU
		{6A9E66ED-BB3D-4B55-A3D2-FA5178880D04}.Release|Any CPU.ActiveCfg = Release|Any CPU
		{6A9E66ED-BB3D-4B55-A3D2-FA5178880D04}.Release|Any CPU.Build.0 = Release|Any CPU
		{9A742482-57B6-4EE8-990F-4B0EAA1E143A}.Debug|Any CPU.ActiveCfg = Debug|Any CPU
		{9A742482-57B6-4EE8-990F-4B0EAA1E143A}.Debug|Any CPU.Build.0 = Debug|Any CPU
		{9A742482-57B6-4EE8-990F-4B0EAA1E143A}.Release|Any CPU.ActiveCfg = Release|Any CPU
		{9A742482-57B6-4EE8-990F-4B0EAA1E143A}.Release|Any CPU.Build.0 = Release|Any CPU
		{C34800BA-F585-4C4C-9E66-118208D9C18D}.Debug|Any CPU.ActiveCfg = Debug|Any CPU
		{C34800BA-F585-4C4C-9E66-118208D9C18D}.Debug|Any CPU.Build.0 = Debug|Any CPU
		{C34800BA-F585-4C4C-9E66-118208D9C18D}.Release|Any CPU.ActiveCfg = Release|Any CPU
		{C34800BA-F585-4C4C-9E66-118208D9C18D}.Release|Any CPU.Build.0 = Release|Any CPU
		{6BB65BA9-EE3E-46A5-9AAF-3F580AADEE49}.Debug|Any CPU.ActiveCfg = Debug|Any CPU
		{6BB65BA9-EE3E-46A5-9AAF-3F580AADEE49}.Debug|Any CPU.Build.0 = Debug|Any CPU
		{6BB65BA9-EE3E-46A5-9AAF-3F580AADEE49}.Release|Any CPU.ActiveCfg = Release|Any CPU
		{6BB65BA9-EE3E-46A5-9AAF-3F580AADEE49}.Release|Any CPU.Build.0 = Release|Any CPU
		{58625299-57AD-4160-A218-ED996A035F3F}.Debug|Any CPU.ActiveCfg = Debug|Any CPU
		{58625299-57AD-4160-A218-ED996A035F3F}.Debug|Any CPU.Build.0 = Debug|Any CPU
		{58625299-57AD-4160-A218-ED996A035F3F}.Release|Any CPU.ActiveCfg = Release|Any CPU
		{58625299-57AD-4160-A218-ED996A035F3F}.Release|Any CPU.Build.0 = Release|Any CPU
	EndGlobalSection
	GlobalSection(NestedProjects) = preSolution
		{0FDA88FB-9CAD-4075-986F-EDC66F607228} = {572B9C59-4DCD-4928-B39B-5DF84C7B800B}
		{A3F04CDB-7E62-4804-9B67-9B506F3B19B7} = {0FDA88FB-9CAD-4075-986F-EDC66F607228}
		{6AA6DD20-D2B2-4FF3-8998-69E29A194327} = {A3F04CDB-7E62-4804-9B67-9B506F3B19B7}
		{C7E32E50-E068-427A-A243-5A503AC16EBE} = {A3F04CDB-7E62-4804-9B67-9B506F3B19B7}
		{6A9E66ED-BB3D-4B55-A3D2-FA5178880D04} = {A3F04CDB-7E62-4804-9B67-9B506F3B19B7}
		{9A742482-57B6-4EE8-990F-4B0EAA1E143A} = {A3F04CDB-7E62-4804-9B67-9B506F3B19B7}
		{C34800BA-F585-4C4C-9E66-118208D9C18D} = {A3F04CDB-7E62-4804-9B67-9B506F3B19B7}
		{6BB65BA9-EE3E-46A5-9AAF-3F580AADEE49} = {A3F04CDB-7E62-4804-9B67-9B506F3B19B7}
		{58625299-57AD-4160-A218-ED996A035F3F} = {A3F04CDB-7E62-4804-9B67-9B506F3B19B7}
	EndGlobalSection
EndGlobal
